// !$*UTF8*$!
{
	archiveVersion = 1;
	classes = {
	};
	objectVersion = 55;
	objects = {

/* Begin PBXBuildFile section */
		A6C9E0D0291E1B1400CF2D2D /* ProfileHeaderView.swift in Sources */ = {isa = PBXBuildFile; fileRef = A6C9E0CF291E1B1400CF2D2D /* ProfileHeaderView.swift */; };
		A6F49D982917B6B3008C7674 /* AppDelegate.swift in Sources */ = {isa = PBXBuildFile; fileRef = A6F49D972917B6B3008C7674 /* AppDelegate.swift */; };
		A6F49D9A2917B6B3008C7674 /* SceneDelegate.swift in Sources */ = {isa = PBXBuildFile; fileRef = A6F49D992917B6B3008C7674 /* SceneDelegate.swift */; };
		A6F49D9C2917B6B3008C7674 /* ViewController.swift in Sources */ = {isa = PBXBuildFile; fileRef = A6F49D9B2917B6B3008C7674 /* ViewController.swift */; };
		A6F49DA12917B6B6008C7674 /* Assets.xcassets in Resources */ = {isa = PBXBuildFile; fileRef = A6F49DA02917B6B6008C7674 /* Assets.xcassets */; };
		A6F49DA42917B6B6008C7674 /* LaunchScreen.storyboard in Resources */ = {isa = PBXBuildFile; fileRef = A6F49DA22917B6B6008C7674 /* LaunchScreen.storyboard */; };
		A6F49DAD2917B836008C7674 /* TabBarController.swift in Sources */ = {isa = PBXBuildFile; fileRef = A6F49DAC2917B836008C7674 /* TabBarController.swift */; };
		A6F49DB02917BC40008C7674 /* FeedViewController.swift in Sources */ = {isa = PBXBuildFile; fileRef = A6F49DAF2917BC40008C7674 /* FeedViewController.swift */; };
		A6F49DB32917BC63008C7674 /* ProfileViewController.swift in Sources */ = {isa = PBXBuildFile; fileRef = A6F49DB22917BC63008C7674 /* ProfileViewController.swift */; };
		A6F49DB62917BFB2008C7674 /* PostViewController.swift in Sources */ = {isa = PBXBuildFile; fileRef = A6F49DB52917BFB2008C7674 /* PostViewController.swift */; };
		A6F49DB82917C107008C7674 /* Post.swift in Sources */ = {isa = PBXBuildFile; fileRef = A6F49DB72917C107008C7674 /* Post.swift */; };
		A6F49DBA2917C3C6008C7674 /* FirstViewController.swift in Sources */ = {isa = PBXBuildFile; fileRef = A6F49DB92917C3C5008C7674 /* FirstViewController.swift */; };
		A6F49DBD2917EE69008C7674 /* InfoViewController.swift in Sources */ = {isa = PBXBuildFile; fileRef = A6F49DBC2917EE69008C7674 /* InfoViewController.swift */; };
/* End PBXBuildFile section */

/* Begin PBXFileReference section */
		A6C9E0CF291E1B1400CF2D2D /* ProfileHeaderView.swift */ = {isa = PBXFileReference; lastKnownFileType = sourcecode.swift; path = ProfileHeaderView.swift; sourceTree = "<group>"; };
		A6F49D942917B6B3008C7674 /* Navigation.app */ = {isa = PBXFileReference; explicitFileType = wrapper.application; includeInIndex = 0; path = Navigation.app; sourceTree = BUILT_PRODUCTS_DIR; };
		A6F49D972917B6B3008C7674 /* AppDelegate.swift */ = {isa = PBXFileReference; lastKnownFileType = sourcecode.swift; path = AppDelegate.swift; sourceTree = "<group>"; };
		A6F49D992917B6B3008C7674 /* SceneDelegate.swift */ = {isa = PBXFileReference; lastKnownFileType = sourcecode.swift; path = SceneDelegate.swift; sourceTree = "<group>"; };
		A6F49D9B2917B6B3008C7674 /* ViewController.swift */ = {isa = PBXFileReference; lastKnownFileType = sourcecode.swift; path = ViewController.swift; sourceTree = "<group>"; };
		A6F49DA02917B6B6008C7674 /* Assets.xcassets */ = {isa = PBXFileReference; lastKnownFileType = folder.assetcatalog; path = Assets.xcassets; sourceTree = "<group>"; };
		A6F49DA32917B6B6008C7674 /* Base */ = {isa = PBXFileReference; lastKnownFileType = file.storyboard; name = Base; path = Base.lproj/LaunchScreen.storyboard; sourceTree = "<group>"; };
		A6F49DA52917B6B6008C7674 /* Info.plist */ = {isa = PBXFileReference; lastKnownFileType = text.plist.xml; path = Info.plist; sourceTree = "<group>"; };
		A6F49DAC2917B836008C7674 /* TabBarController.swift */ = {isa = PBXFileReference; lastKnownFileType = sourcecode.swift; path = TabBarController.swift; sourceTree = "<group>"; };
		A6F49DAF2917BC40008C7674 /* FeedViewController.swift */ = {isa = PBXFileReference; lastKnownFileType = sourcecode.swift; path = FeedViewController.swift; sourceTree = "<group>"; };
		A6F49DB22917BC63008C7674 /* ProfileViewController.swift */ = {isa = PBXFileReference; lastKnownFileType = sourcecode.swift; path = ProfileViewController.swift; sourceTree = "<group>"; };
		A6F49DB52917BFB2008C7674 /* PostViewController.swift */ = {isa = PBXFileReference; lastKnownFileType = sourcecode.swift; path = PostViewController.swift; sourceTree = "<group>"; };
		A6F49DB72917C107008C7674 /* Post.swift */ = {isa = PBXFileReference; lastKnownFileType = sourcecode.swift; path = Post.swift; sourceTree = "<group>"; };
		A6F49DB92917C3C5008C7674 /* FirstViewController.swift */ = {isa = PBXFileReference; lastKnownFileType = sourcecode.swift; path = FirstViewController.swift; sourceTree = "<group>"; };
		A6F49DBC2917EE69008C7674 /* InfoViewController.swift */ = {isa = PBXFileReference; lastKnownFileType = sourcecode.swift; path = InfoViewController.swift; sourceTree = "<group>"; };
/* End PBXFileReference section */

/* Begin PBXFrameworksBuildPhase section */
		A6F49D912917B6B3008C7674 /* Frameworks */ = {
			isa = PBXFrameworksBuildPhase;
			buildActionMask = 2147483647;
			files = (
			);
			runOnlyForDeploymentPostprocessing = 0;
		};
/* End PBXFrameworksBuildPhase section */

/* Begin PBXGroup section */
		A6C9E0CE291E1B0000CF2D2D /* Profile */ = {
			isa = PBXGroup;
			children = (
				A6C9E0CF291E1B1400CF2D2D /* ProfileHeaderView.swift */,
				A6F49DB22917BC63008C7674 /* ProfileViewController.swift */,
			);
			path = Profile;
			sourceTree = "<group>";
		};
		A6F49D8B2917B6B3008C7674 = {
			isa = PBXGroup;
			children = (
				A6F49D962917B6B3008C7674 /* Navigation */,
				A6F49D952917B6B3008C7674 /* Products */,
			);
			sourceTree = "<group>";
		};
		A6F49D952917B6B3008C7674 /* Products */ = {
			isa = PBXGroup;
			children = (
				A6F49D942917B6B3008C7674 /* Navigation.app */,
			);
			name = Products;
			sourceTree = "<group>";
		};
		A6F49D962917B6B3008C7674 /* Navigation */ = {
			isa = PBXGroup;
			children = (
				A6F49D972917B6B3008C7674 /* AppDelegate.swift */,
				A6F49D992917B6B3008C7674 /* SceneDelegate.swift */,
				A6F49D9B2917B6B3008C7674 /* ViewController.swift */,
				A6F49DB92917C3C5008C7674 /* FirstViewController.swift */,
				A6F49DA02917B6B6008C7674 /* Assets.xcassets */,
				A6C9E0CE291E1B0000CF2D2D /* Profile */,
				A6F49DBB2917EE5A008C7674 /* InfoViewController */,
				A6F49DB42917BFA5008C7674 /* PostViewController */,
				A6F49DAE2917BC30008C7674 /* FeedViewController */,
				A6F49DAB2917B818008C7674 /* TabBar */,
				A6F49DA22917B6B6008C7674 /* LaunchScreen.storyboard */,
				A6F49DA52917B6B6008C7674 /* Info.plist */,
			);
			path = Navigation;
			sourceTree = "<group>";
		};
		A6F49DAB2917B818008C7674 /* TabBar */ = {
			isa = PBXGroup;
			children = (
				A6F49DAC2917B836008C7674 /* TabBarController.swift */,
			);
			path = TabBar;
			sourceTree = "<group>";
		};
		A6F49DAE2917BC30008C7674 /* FeedViewController */ = {
			isa = PBXGroup;
			children = (
				A6F49DAF2917BC40008C7674 /* FeedViewController.swift */,
				A6F49DB72917C107008C7674 /* Post.swift */,
			);
			path = FeedViewController;
			sourceTree = "<group>";
		};
		A6F49DB42917BFA5008C7674 /* PostViewController */ = {
			isa = PBXGroup;
			children = (
				A6F49DB52917BFB2008C7674 /* PostViewController.swift */,
			);
			path = PostViewController;
			sourceTree = "<group>";
		};
		A6F49DBB2917EE5A008C7674 /* InfoViewController */ = {
			isa = PBXGroup;
			children = (
				A6F49DBC2917EE69008C7674 /* InfoViewController.swift */,
			);
			path = InfoViewController;
			sourceTree = "<group>";
		};
/* End PBXGroup section */

/* Begin PBXNativeTarget section */
		A6F49D932917B6B3008C7674 /* Navigation */ = {
			isa = PBXNativeTarget;
			buildConfigurationList = A6F49DA82917B6B6008C7674 /* Build configuration list for PBXNativeTarget "Navigation" */;
			buildPhases = (
				A6F49D902917B6B3008C7674 /* Sources */,
				A6F49D912917B6B3008C7674 /* Frameworks */,
				A6F49D922917B6B3008C7674 /* Resources */,
			);
			buildRules = (
			);
			dependencies = (
			);
			name = Navigation;
			productName = Navigation;
			productReference = A6F49D942917B6B3008C7674 /* Navigation.app */;
			productType = "com.apple.product-type.application";
		};
/* End PBXNativeTarget section */

/* Begin PBXProject section */
		A6F49D8C2917B6B3008C7674 /* Project object */ = {
			isa = PBXProject;
			attributes = {
				BuildIndependentTargetsInParallel = 1;
				LastSwiftUpdateCheck = 1340;
				LastUpgradeCheck = 1340;
				TargetAttributes = {
					A6F49D932917B6B3008C7674 = {
						CreatedOnToolsVersion = 13.4.1;
					};
				};
			};
			buildConfigurationList = A6F49D8F2917B6B3008C7674 /* Build configuration list for PBXProject "Navigation" */;
			compatibilityVersion = "Xcode 13.0";
			developmentRegion = en;
			hasScannedForEncodings = 0;
			knownRegions = (
				en,
				Base,
			);
			mainGroup = A6F49D8B2917B6B3008C7674;
			productRefGroup = A6F49D952917B6B3008C7674 /* Products */;
			projectDirPath = "";
			projectRoot = "";
			targets = (
				A6F49D932917B6B3008C7674 /* Navigation */,
			);
		};
/* End PBXProject section */

/* Begin PBXResourcesBuildPhase section */
		A6F49D922917B6B3008C7674 /* Resources */ = {
			isa = PBXResourcesBuildPhase;
			buildActionMask = 2147483647;
			files = (
				A6F49DA42917B6B6008C7674 /* LaunchScreen.storyboard in Resources */,
				A6F49DA12917B6B6008C7674 /* Assets.xcassets in Resources */,
			);
			runOnlyForDeploymentPostprocessing = 0;
		};
/* End PBXResourcesBuildPhase section */

/* Begin PBXSourcesBuildPhase section */
		A6F49D902917B6B3008C7674 /* Sources */ = {
			isa = PBXSourcesBuildPhase;
			buildActionMask = 2147483647;
			files = (
				A6F49DBA2917C3C6008C7674 /* FirstViewController.swift in Sources */,
				A6F49D9C2917B6B3008C7674 /* ViewController.swift in Sources */,
				A6C9E0D0291E1B1400CF2D2D /* ProfileHeaderView.swift in Sources */,
				A6F49DB32917BC63008C7674 /* ProfileViewController.swift in Sources */,
				A6F49DB62917BFB2008C7674 /* PostViewController.swift in Sources */,
				A6F49DBD2917EE69008C7674 /* InfoViewController.swift in Sources */,
				A6F49DB82917C107008C7674 /* Post.swift in Sources */,
				A6F49DAD2917B836008C7674 /* TabBarController.swift in Sources */,
				A6F49DB02917BC40008C7674 /* FeedViewController.swift in Sources */,
				A6F49D982917B6B3008C7674 /* AppDelegate.swift in Sources */,
				A6F49D9A2917B6B3008C7674 /* SceneDelegate.swift in Sources */,
			);
			runOnlyForDeploymentPostprocessing = 0;
		};
/* End PBXSourcesBuildPhase section */

/* Begin PBXVariantGroup section */
		A6F49DA22917B6B6008C7674 /* LaunchScreen.storyboard */ = {
			isa = PBXVariantGroup;
			children = (
				A6F49DA32917B6B6008C7674 /* Base */,
			);
			name = LaunchScreen.storyboard;
			sourceTree = "<group>";
		};
/* End PBXVariantGroup section */

/* Begin XCBuildConfiguration section */
		A6F49DA62917B6B6008C7674 /* Debug */ = {
			isa = XCBuildConfiguration;
			buildSettings = {
				ALWAYS_SEARCH_USER_PATHS = NO;
				CLANG_ANALYZER_NONNULL = YES;
				CLANG_ANALYZER_NUMBER_OBJECT_CONVERSION = YES_AGGRESSIVE;
				CLANG_CXX_LANGUAGE_STANDARD = "gnu++17";
				CLANG_ENABLE_MODULES = YES;
				CLANG_ENABLE_OBJC_ARC = YES;
				CLANG_ENABLE_OBJC_WEAK = YES;
				CLANG_WARN_BLOCK_CAPTURE_AUTORELEASING = YES;
				CLANG_WARN_BOOL_CONVERSION = YES;
				CLANG_WARN_COMMA = YES;
				CLANG_WARN_CONSTANT_CONVERSION = YES;
				CLANG_WARN_DEPRECATED_OBJC_IMPLEMENTATIONS = YES;
				CLANG_WARN_DIRECT_OBJC_ISA_USAGE = YES_ERROR;
				CLANG_WARN_DOCUMENTATION_COMMENTS = YES;
				CLANG_WARN_EMPTY_BODY = YES;
				CLANG_WARN_ENUM_CONVERSION = YES;
				CLANG_WARN_INFINITE_RECURSION = YES;
				CLANG_WARN_INT_CONVERSION = YES;
				CLANG_WARN_NON_LITERAL_NULL_CONVERSION = YES;
				CLANG_WARN_OBJC_IMPLICIT_RETAIN_SELF = YES;
				CLANG_WARN_OBJC_LITERAL_CONVERSION = YES;
				CLANG_WARN_OBJC_ROOT_CLASS = YES_ERROR;
				CLANG_WARN_QUOTED_INCLUDE_IN_FRAMEWORK_HEADER = YES;
				CLANG_WARN_RANGE_LOOP_ANALYSIS = YES;
				CLANG_WARN_STRICT_PROTOTYPES = YES;
				CLANG_WARN_SUSPICIOUS_MOVE = YES;
				CLANG_WARN_UNGUARDED_AVAILABILITY = YES_AGGRESSIVE;
				CLANG_WARN_UNREACHABLE_CODE = YES;
				CLANG_WARN__DUPLICATE_METHOD_MATCH = YES;
				COPY_PHASE_STRIP = NO;
				DEBUG_INFORMATION_FORMAT = dwarf;
				ENABLE_STRICT_OBJC_MSGSEND = YES;
				ENABLE_TESTABILITY = YES;
				GCC_C_LANGUAGE_STANDARD = gnu11;
				GCC_DYNAMIC_NO_PIC = NO;
				GCC_NO_COMMON_BLOCKS = YES;
				GCC_OPTIMIZATION_LEVEL = 0;
				GCC_PREPROCESSOR_DEFINITIONS = (
					"DEBUG=1",
					"$(inherited)",
				);
				GCC_WARN_64_TO_32_BIT_CONVERSION = YES;
				GCC_WARN_ABOUT_RETURN_TYPE = YES_ERROR;
				GCC_WARN_UNDECLARED_SELECTOR = YES;
				GCC_WARN_UNINITIALIZED_AUTOS = YES_AGGRESSIVE;
				GCC_WARN_UNUSED_FUNCTION = YES;
				GCC_WARN_UNUSED_VARIABLE = YES;
				IPHONEOS_DEPLOYMENT_TARGET = 15.5;
				MTL_ENABLE_DEBUG_INFO = INCLUDE_SOURCE;
				MTL_FAST_MATH = YES;
				ONLY_ACTIVE_ARCH = YES;
				SDKROOT = iphoneos;
				SWIFT_ACTIVE_COMPILATION_CONDITIONS = DEBUG;
				SWIFT_OPTIMIZATION_LEVEL = "-Onone";
			};
			name = Debug;
		};
		A6F49DA72917B6B6008C7674 /* Release */ = {
			isa = XCBuildConfiguration;
			buildSettings = {
				ALWAYS_SEARCH_USER_PATHS = NO;
				CLANG_ANALYZER_NONNULL = YES;
				CLANG_ANALYZER_NUMBER_OBJECT_CONVERSION = YES_AGGRESSIVE;
				CLANG_CXX_LANGUAGE_STANDARD = "gnu++17";
				CLANG_ENABLE_MODULES = YES;
				CLANG_ENABLE_OBJC_ARC = YES;
				CLANG_ENABLE_OBJC_WEAK = YES;
				CLANG_WARN_BLOCK_CAPTURE_AUTORELEASING = YES;
				CLANG_WARN_BOOL_CONVERSION = YES;
				CLANG_WARN_COMMA = YES;
				CLANG_WARN_CONSTANT_CONVERSION = YES;
				CLANG_WARN_DEPRECATED_OBJC_IMPLEMENTATIONS = YES;
				CLANG_WARN_DIRECT_OBJC_ISA_USAGE = YES_ERROR;
				CLANG_WARN_DOCUMENTATION_COMMENTS = YES;
				CLANG_WARN_EMPTY_BODY = YES;
				CLANG_WARN_ENUM_CONVERSION = YES;
				CLANG_WARN_INFINITE_RECURSION = YES;
				CLANG_WARN_INT_CONVERSION = YES;
				CLANG_WARN_NON_LITERAL_NULL_CONVERSION = YES;
				CLANG_WARN_OBJC_IMPLICIT_RETAIN_SELF = YES;
				CLANG_WARN_OBJC_LITERAL_CONVERSION = YES;
				CLANG_WARN_OBJC_ROOT_CLASS = YES_ERROR;
				CLANG_WARN_QUOTED_INCLUDE_IN_FRAMEWORK_HEADER = YES;
				CLANG_WARN_RANGE_LOOP_ANALYSIS = YES;
				CLANG_WARN_STRICT_PROTOTYPES = YES;
				CLANG_WARN_SUSPICIOUS_MOVE = YES;
				CLANG_WARN_UNGUARDED_AVAILABILITY = YES_AGGRESSIVE;
				CLANG_WARN_UNREACHABLE_CODE = YES;
				CLANG_WARN__DUPLICATE_METHOD_MATCH = YES;
				COPY_PHASE_STRIP = NO;
				DEBUG_INFORMATION_FORMAT = "dwarf-with-dsym";
				ENABLE_NS_ASSERTIONS = NO;
				ENABLE_STRICT_OBJC_MSGSEND = YES;
				GCC_C_LANGUAGE_STANDARD = gnu11;
				GCC_NO_COMMON_BLOCKS = YES;
				GCC_WARN_64_TO_32_BIT_CONVERSION = YES;
				GCC_WARN_ABOUT_RETURN_TYPE = YES_ERROR;
				GCC_WARN_UNDECLARED_SELECTOR = YES;
				GCC_WARN_UNINITIALIZED_AUTOS = YES_AGGRESSIVE;
				GCC_WARN_UNUSED_FUNCTION = YES;
				GCC_WARN_UNUSED_VARIABLE = YES;
				IPHONEOS_DEPLOYMENT_TARGET = 15.5;
				MTL_ENABLE_DEBUG_INFO = NO;
				MTL_FAST_MATH = YES;
				SDKROOT = iphoneos;
				SWIFT_COMPILATION_MODE = wholemodule;
				SWIFT_OPTIMIZATION_LEVEL = "-O";
				VALIDATE_PRODUCT = YES;
			};
			name = Release;
		};
		A6F49DA92917B6B6008C7674 /* Debug */ = {
			isa = XCBuildConfiguration;
			buildSettings = {
				ASSETCATALOG_COMPILER_APPICON_NAME = AppIcon;
				ASSETCATALOG_COMPILER_GLOBAL_ACCENT_COLOR_NAME = AccentColor;
				CODE_SIGN_STYLE = Automatic;
				CURRENT_PROJECT_VERSION = 1;
				DEVELOPMENT_TEAM = X3A7X6TSR9;
				GENERATE_INFOPLIST_FILE = YES;
				INFOPLIST_FILE = Navigation/Info.plist;
				INFOPLIST_KEY_UIApplicationSupportsIndirectInputEvents = YES;
				INFOPLIST_KEY_UILaunchStoryboardName = LaunchScreen;
				INFOPLIST_KEY_UISupportedInterfaceOrientations_iPad = "UIInterfaceOrientationPortrait UIInterfaceOrientationPortraitUpsideDown UIInterfaceOrientationLandscapeLeft UIInterfaceOrientationLandscapeRight";
				INFOPLIST_KEY_UISupportedInterfaceOrientations_iPhone = "UIInterfaceOrientationPortrait UIInterfaceOrientationLandscapeLeft UIInterfaceOrientationLandscapeRight";
				LD_RUNPATH_SEARCH_PATHS = (
					"$(inherited)",
					"@executable_path/Frameworks",
				);
				MARKETING_VERSION = 1.0;
				PRODUCT_BUNDLE_IDENTIFIER = ninsy.Navigation;
				PRODUCT_NAME = "$(TARGET_NAME)";
				SWIFT_EMIT_LOC_STRINGS = YES;
				SWIFT_VERSION = 5.0;
				TARGETED_DEVICE_FAMILY = "1,2";
			};
			name = Debug;
		};
		A6F49DAA2917B6B6008C7674 /* Release */ = {
			isa = XCBuildConfiguration;
			buildSettings = {
				ASSETCATALOG_COMPILER_APPICON_NAME = AppIcon;
				ASSETCATALOG_COMPILER_GLOBAL_ACCENT_COLOR_NAME = AccentColor;
				CODE_SIGN_STYLE = Automatic;
				CURRENT_PROJECT_VERSION = 1;
				DEVELOPMENT_TEAM = X3A7X6TSR9;
				GENERATE_INFOPLIST_FILE = YES;
				INFOPLIST_FILE = Navigation/Info.plist;
				INFOPLIST_KEY_UIApplicationSupportsIndirectInputEvents = YES;
				INFOPLIST_KEY_UILaunchStoryboardName = LaunchScreen;
				INFOPLIST_KEY_UISupportedInterfaceOrientations_iPad = "UIInterfaceOrientationPortrait UIInterfaceOrientationPortraitUpsideDown UIInterfaceOrientationLandscapeLeft UIInterfaceOrientationLandscapeRight";
				INFOPLIST_KEY_UISupportedInterfaceOrientations_iPhone = "UIInterfaceOrientationPortrait UIInterfaceOrientationLandscapeLeft UIInterfaceOrientationLandscapeRight";
				LD_RUNPATH_SEARCH_PATHS = (
					"$(inherited)",
					"@executable_path/Frameworks",
				);
				MARKETING_VERSION = 1.0;
				PRODUCT_BUNDLE_IDENTIFIER = ninsy.Navigation;
				PRODUCT_NAME = "$(TARGET_NAME)";
				SWIFT_EMIT_LOC_STRINGS = YES;
				SWIFT_VERSION = 5.0;
				TARGETED_DEVICE_FAMILY = "1,2";
			};
			name = Release;
		};
/* End XCBuildConfiguration section */

/* Begin XCConfigurationList section */
		A6F49D8F2917B6B3008C7674 /* Build configuration list for PBXProject "Navigation" */ = {
			isa = XCConfigurationList;
			buildConfigurations = (
				A6F49DA62917B6B6008C7674 /* Debug */,
				A6F49DA72917B6B6008C7674 /* Release */,
			);
			defaultConfigurationIsVisible = 0;
			defaultConfigurationName = Release;
		};
		A6F49DA82917B6B6008C7674 /* Build configuration list for PBXNativeTarget "Navigation" */ = {
			isa = XCConfigurationList;
			buildConfigurations = (
				A6F49DA92917B6B6008C7674 /* Debug */,
				A6F49DAA2917B6B6008C7674 /* Release */,
			);
			defaultConfigurationIsVisible = 0;
			defaultConfigurationName = Release;
		};
/* End XCConfigurationList section */
	};
	rootObject = A6F49D8C2917B6B3008C7674 /* Project object */;
}
